
Microsoft Visual Studio Solution File, Format Version 12.00
# Visual Studio Version 17
VisualStudioVersion = 17.11.35312.102
MinimumVisualStudioVersion = 10.0.40219.1
Project("{FAE04EC0-301F-11D3-BF4B-00C04F79EFBC}") = "SchoolREST", "SchoolREST\SchoolREST.csproj", "{3B5880E9-B9E0-4F28-8C2A-D0FFC79AF8A6}"
EndProject
Global
	GlobalSection(SolutionConfigurationPlatforms) = preSolution
		Debug|Any CPU = Debug|Any CPU
		Release|Any CPU = Release|Any CPU
	EndGlobalSection
	GlobalSection(ProjectConfigurationPlatforms) = postSolution
		{3B5880E9-B9E0-4F28-8C2A-D0FFC79AF8A6}.Debug|Any CPU.ActiveCfg = Debug|Any CPU
		{3B5880E9-B9E0-4F28-8C2A-D0FFC79AF8A6}.Debug|Any CPU.Build.0 = Debug|Any CPU
		{3B5880E9-B9E0-4F28-8C2A-D0FFC79AF8A6}.Release|Any CPU.ActiveCfg = Release|Any CPU
		{3B5880E9-B9E0-4F28-8C2A-D0FFC79AF8A6}.Release|Any CPU.Build.0 = Release|Any CPU
	EndGlobalSection
	GlobalSection(SolutionProperties) = preSolution
		HideSolutionNode = FALSE
	EndGlobalSection
	GlobalSection(ExtensibilityGlobals) = postSolution
		SolutionGuid = {168526E4-F54A-4D9E-91B3-4970322DF2A6}
	EndGlobalSection
EndGlobal
